// !$*UTF8*$!
{
	archiveVersion = 1;
	classes = {
	};
	objectVersion = 46;
	objects = {

/* Begin PBXBuildFile section */
		B09A8C3F1A52F29400B0D2DA /* main.m in Sources */ = {isa = PBXBuildFile; fileRef = B09A8C3E1A52F29400B0D2DA /* main.m */; };
		B09A8C421A52F29400B0D2DA /* AppDelegate.m in Sources */ = {isa = PBXBuildFile; fileRef = B09A8C411A52F29400B0D2DA /* AppDelegate.m */; };
		B09A8C451A52F29400B0D2DA /* ViewController.m in Sources */ = {isa = PBXBuildFile; fileRef = B09A8C441A52F29400B0D2DA /* ViewController.m */; };
		B09A8C481A52F29400B0D2DA /* Main.storyboard in Resources */ = {isa = PBXBuildFile; fileRef = B09A8C461A52F29400B0D2DA /* Main.storyboard */; };
		B09A8C4A1A52F29400B0D2DA /* Images.xcassets in Resources */ = {isa = PBXBuildFile; fileRef = B09A8C491A52F29400B0D2DA /* Images.xcassets */; };
		B09A8C4D1A52F29400B0D2DA /* LaunchScreen.xib in Resources */ = {isa = PBXBuildFile; fileRef = B09A8C4B1A52F29400B0D2DA /* LaunchScreen.xib */; };
		B09A8C591A52F29400B0D2DA /* ImaginariumTests.m in Sources */ = {isa = PBXBuildFile; fileRef = B09A8C581A52F29400B0D2DA /* ImaginariumTests.m */; };
		B09A8C641A52F2D600B0D2DA /* ImageViewController.m in Sources */ = {isa = PBXBuildFile; fileRef = B09A8C631A52F2D600B0D2DA /* ImageViewController.m */; };
/* End PBXBuildFile section */

/* Begin PBXContainerItemProxy section */
		B09A8C531A52F29400B0D2DA /* PBXContainerItemProxy */ = {
			isa = PBXContainerItemProxy;
			containerPortal = B09A8C311A52F29400B0D2DA /* Project object */;
			proxyType = 1;
			remoteGlobalIDString = B09A8C381A52F29400B0D2DA;
			remoteInfo = Imaginarium;
		};
/* End PBXContainerItemProxy section */

/* Begin PBXFileReference section */
		B09A8C391A52F29400B0D2DA /* Imaginarium.app */ = {isa = PBXFileReference; explicitFileType = wrapper.application; includeInIndex = 0; path = Imaginarium.app; sourceTree = BUILT_PRODUCTS_DIR; };
		B09A8C3D1A52F29400B0D2DA /* Info.plist */ = {isa = PBXFileReference; lastKnownFileType = text.plist.xml; path = Info.plist; sourceTree = "<group>"; };
		B09A8C3E1A52F29400B0D2DA /* main.m */ = {isa = PBXFileReference; lastKnownFileType = sourcecode.c.objc; path = main.m; sourceTree = "<group>"; };
		B09A8C401A52F29400B0D2DA /* AppDelegate.h */ = {isa = PBXFileReference; lastKnownFileType = sourcecode.c.h; path = AppDelegate.h; sourceTree = "<group>"; };
		B09A8C411A52F29400B0D2DA /* AppDelegate.m */ = {isa = PBXFileReference; lastKnownFileType = sourcecode.c.objc; path = AppDelegate.m; sourceTree = "<group>"; };
		B09A8C431A52F29400B0D2DA /* ViewController.h */ = {isa = PBXFileReference; lastKnownFileType = sourcecode.c.h; path = ViewController.h; sourceTree = "<group>"; };
		B09A8C441A52F29400B0D2DA /* ViewController.m */ = {isa = PBXFileReference; lastKnownFileType = sourcecode.c.objc; path = ViewController.m; sourceTree = "<group>"; };
		B09A8C471A52F29400B0D2DA /* Base */ = {isa = PBXFileReference; lastKnownFileType = file.storyboard; name = Base; path = Base.lproj/Main.storyboard; sourceTree = "<group>"; };
		B09A8C491A52F29400B0D2DA /* Images.xcassets */ = {isa = PBXFileReference; lastKnownFileType = folder.assetcatalog; path = Images.xcassets; sourceTree = "<group>"; };
		B09A8C4C1A52F29400B0D2DA /* Base */ = {isa = PBXFileReference; lastKnownFileType = file.xib; name = Base; path = Base.lproj/LaunchScreen.xib; sourceTree = "<group>"; };
		B09A8C521A52F29400B0D2DA /* ImaginariumTests.xctest */ = {isa = PBXFileReference; explicitFileType = wrapper.cfbundle; includeInIndex = 0; path = ImaginariumTests.xctest; sourceTree = BUILT_PRODUCTS_DIR; };
		B09A8C571A52F29400B0D2DA /* Info.plist */ = {isa = PBXFileReference; lastKnownFileType = text.plist.xml; path = Info.plist; sourceTree = "<group>"; };
		B09A8C581A52F29400B0D2DA /* ImaginariumTests.m */ = {isa = PBXFileReference; lastKnownFileType = sourcecode.c.objc; path = ImaginariumTests.m; sourceTree = "<group>"; };
		B09A8C621A52F2D600B0D2DA /* ImageViewController.h */ = {isa = PBXFileReference; fileEncoding = 4; lastKnownFileType = sourcecode.c.h; path = ImageViewController.h; sourceTree = "<group>"; };
		B09A8C631A52F2D600B0D2DA /* ImageViewController.m */ = {isa = PBXFileReference; fileEncoding = 4; lastKnownFileType = sourcecode.c.objc; path = ImageViewController.m; sourceTree = "<group>"; };
/* End PBXFileReference section */

/* Begin PBXFrameworksBuildPhase section */
		B09A8C361A52F29400B0D2DA /* Frameworks */ = {
			isa = PBXFrameworksBuildPhase;
			buildActionMask = 2147483647;
			files = (
			);
			runOnlyForDeploymentPostprocessing = 0;
		};
		B09A8C4F1A52F29400B0D2DA /* Frameworks */ = {
			isa = PBXFrameworksBuildPhase;
			buildActionMask = 2147483647;
			files = (
			);
			runOnlyForDeploymentPostprocessing = 0;
		};
/* End PBXFrameworksBuildPhase section */

/* Begin PBXGroup section */
		B09A8C301A52F29400B0D2DA = {
			isa = PBXGroup;
			children = (
				B09A8C3B1A52F29400B0D2DA /* Imaginarium */,
				B09A8C551A52F29400B0D2DA /* ImaginariumTests */,
				B09A8C3A1A52F29400B0D2DA /* Products */,
			);
			sourceTree = "<group>";
		};
		B09A8C3A1A52F29400B0D2DA /* Products */ = {
			isa = PBXGroup;
			children = (
				B09A8C391A52F29400B0D2DA /* Imaginarium.app */,
				B09A8C521A52F29400B0D2DA /* ImaginariumTests.xctest */,
			);
			name = Products;
			sourceTree = "<group>";
		};
		B09A8C3B1A52F29400B0D2DA /* Imaginarium */ = {
			isa = PBXGroup;
			children = (
				B09A8C431A52F29400B0D2DA /* ViewController.h */,
				B09A8C441A52F29400B0D2DA /* ViewController.m */,
				B09A8C621A52F2D600B0D2DA /* ImageViewController.h */,
				B09A8C631A52F2D600B0D2DA /* ImageViewController.m */,
				B09A8C461A52F29400B0D2DA /* Main.storyboard */,
				B09A8C491A52F29400B0D2DA /* Images.xcassets */,
				B09A8C4B1A52F29400B0D2DA /* LaunchScreen.xib */,
				B09A8C3C1A52F29400B0D2DA /* Supporting Files */,
			);
			path = Imaginarium;
			sourceTree = "<group>";
		};
		B09A8C3C1A52F29400B0D2DA /* Supporting Files */ = {
			isa = PBXGroup;
			children = (
				B09A8C401A52F29400B0D2DA /* AppDelegate.h */,
				B09A8C411A52F29400B0D2DA /* AppDelegate.m */,
				B09A8C3D1A52F29400B0D2DA /* Info.plist */,
				B09A8C3E1A52F29400B0D2DA /* main.m */,
			);
			name = "Supporting Files";
			sourceTree = "<group>";
		};
		B09A8C551A52F29400B0D2DA /* ImaginariumTests */ = {
			isa = PBXGroup;
			children = (
				B09A8C581A52F29400B0D2DA /* ImaginariumTests.m */,
				B09A8C561A52F29400B0D2DA /* Supporting Files */,
			);
			path = ImaginariumTests;
			sourceTree = "<group>";
		};
		B09A8C561A52F29400B0D2DA /* Supporting Files */ = {
			isa = PBXGroup;
			children = (
				B09A8C571A52F29400B0D2DA /* Info.plist */,
			);
			name = "Supporting Files";
			sourceTree = "<group>";
		};
/* End PBXGroup section */

/* Begin PBXNativeTarget section */
		B09A8C381A52F29400B0D2DA /* Imaginarium */ = {
			isa = PBXNativeTarget;
			buildConfigurationList = B09A8C5C1A52F29400B0D2DA /* Build configuration list for PBXNativeTarget "Imaginarium" */;
			buildPhases = (
				B09A8C351A52F29400B0D2DA /* Sources */,
				B09A8C361A52F29400B0D2DA /* Frameworks */,
				B09A8C371A52F29400B0D2DA /* Resources */,
			);
			buildRules = (
			);
			dependencies = (
			);
			name = Imaginarium;
			productName = Imaginarium;
			productReference = B09A8C391A52F29400B0D2DA /* Imaginarium.app */;
			productType = "com.apple.product-type.application";
		};
		B09A8C511A52F29400B0D2DA /* ImaginariumTests */ = {
			isa = PBXNativeTarget;
			buildConfigurationList = B09A8C5F1A52F29400B0D2DA /* Build configuration list for PBXNativeTarget "ImaginariumTests" */;
			buildPhases = (
				B09A8C4E1A52F29400B0D2DA /* Sources */,
				B09A8C4F1A52F29400B0D2DA /* Frameworks */,
				B09A8C501A52F29400B0D2DA /* Resources */,
			);
			buildRules = (
			);
			dependencies = (
				B09A8C541A52F29400B0D2DA /* PBXTargetDependency */,
			);
			name = ImaginariumTests;
			productName = ImaginariumTests;
			productReference = B09A8C521A52F29400B0D2DA /* ImaginariumTests.xctest */;
			productType = "com.apple.product-type.bundle.unit-test";
		};
/* End PBXNativeTarget section */

/* Begin PBXProject section */
		B09A8C311A52F29400B0D2DA /* Project object */ = {
			isa = PBXProject;
			attributes = {
				LastUpgradeCheck = 0610;
				ORGANIZATIONNAME = "Andrew Codispoti";
				TargetAttributes = {
					B09A8C381A52F29400B0D2DA = {
						CreatedOnToolsVersion = 6.1.1;
					};
					B09A8C511A52F29400B0D2DA = {
						CreatedOnToolsVersion = 6.1.1;
						TestTargetID = B09A8C381A52F29400B0D2DA;
					};
				};
			};
			buildConfigurationList = B09A8C341A52F29400B0D2DA /* Build configuration list for PBXProject "Imaginarium" */;
			compatibilityVersion = "Xcode 3.2";
			developmentRegion = English;
			hasScannedForEncodings = 0;
			knownRegions = (
				en,
				Base,
			);
			mainGroup = B09A8C301A52F29400B0D2DA;
			productRefGroup = B09A8C3A1A52F29400B0D2DA /* Products */;
			projectDirPath = "";
			projectRoot = "";
			targets = (
				B09A8C381A52F29400B0D2DA /* Imaginarium */,
				B09A8C511A52F29400B0D2DA /* ImaginariumTests */,
			);
		};
/* End PBXProject section */

/* Begin PBXResourcesBuildPhase section */
		B09A8C371A52F29400B0D2DA /* Resources */ = {
			isa = PBXResourcesBuildPhase;
			buildActionMask = 2147483647;
			files = (
				B09A8C481A52F29400B0D2DA /* Main.storyboard in Resources */,
				B09A8C4D1A52F29400B0D2DA /* LaunchScreen.xib in Resources */,
				B09A8C4A1A52F29400B0D2DA /* Images.xcassets in Resources */,
			);
			runOnlyForDeploymentPostprocessing = 0;
		};
		B09A8C501A52F29400B0D2DA /* Resources */ = {
			isa = PBXResourcesBuildPhase;
			buildActionMask = 2147483647;
			files = (
			);
			runOnlyForDeploymentPostprocessing = 0;
		};
/* End PBXResourcesBuildPhase section */

/* Begin PBXSourcesBuildPhase section */
		B09A8C351A52F29400B0D2DA /* Sources */ = {
			isa = PBXSourcesBuildPhase;
			buildActionMask = 2147483647;
			files = (
				B09A8C451A52F29400B0D2DA /* ViewController.m in Sources */,
				B09A8C421A52F29400B0D2DA /* AppDelegate.m in Sources */,
				B09A8C641A52F2D600B0D2DA /* ImageViewController.m in Sources */,
				B09A8C3F1A52F29400B0D2DA /* main.m in Sources */,
			);
			runOnlyForDeploymentPostprocessing = 0;
		};
		B09A8C4E1A52F29400B0D2DA /* Sources */ = {
			isa = PBXSourcesBuildPhase;
			buildActionMask = 2147483647;
			files = (
				B09A8C591A52F29400B0D2DA /* ImaginariumTests.m in Sources */,
			);
			runOnlyForDeploymentPostprocessing = 0;
		};
/* End PBXSourcesBuildPhase section */

/* Begin PBXTargetDependency section */
		B09A8C541A52F29400B0D2DA /* PBXTargetDependency */ = {
			isa = PBXTargetDependency;
			target = B09A8C381A52F29400B0D2DA /* Imaginarium */;
			targetProxy = B09A8C531A52F29400B0D2DA /* PBXContainerItemProxy */;
		};
/* End PBXTargetDependency section */

/* Begin PBXVariantGroup section */
		B09A8C461A52F29400B0D2DA /* Main.storyboard */ = {
			isa = PBXVariantGroup;
			children = (
				B09A8C471A52F29400B0D2DA /* Base */,
			);
			name = Main.storyboard;
			sourceTree = "<group>";
		};
		B09A8C4B1A52F29400B0D2DA /* LaunchScreen.xib */ = {
			isa = PBXVariantGroup;
			children = (
				B09A8C4C1A52F29400B0D2DA /* Base */,
			);
			name = LaunchScreen.xib;
			sourceTree = "<group>";
		};
/* End PBXVariantGroup section */

/* Begin XCBuildConfiguration section */
		B09A8C5A1A52F29400B0D2DA /* Debug */ = {
			isa = XCBuildConfiguration;
			buildSettings = {
				ALWAYS_SEARCH_USER_PATHS = NO;
				CLANG_CXX_LANGUAGE_STANDARD = "gnu++0x";
				CLANG_CXX_LIBRARY = "libc++";
				CLANG_ENABLE_MODULES = YES;
				CLANG_ENABLE_OBJC_ARC = YES;
				CLANG_WARN_BOOL_CONVERSION = YES;
				CLANG_WARN_CONSTANT_CONVERSION = YES;
				CLANG_WARN_DIRECT_OBJC_ISA_USAGE = YES_ERROR;
				CLANG_WARN_EMPTY_BODY = YES;
				CLANG_WARN_ENUM_CONVERSION = YES;
				CLANG_WARN_INT_CONVERSION = YES;
				CLANG_WARN_OBJC_ROOT_CLASS = YES_ERROR;
				CLANG_WARN_UNREACHABLE_CODE = YES;
				CLANG_WARN__DUPLICATE_METHOD_MATCH = YES;
				"CODE_SIGN_IDENTITY[sdk=iphoneos*]" = "iPhone Developer";
				COPY_PHASE_STRIP = NO;
				ENABLE_STRICT_OBJC_MSGSEND = YES;
				GCC_C_LANGUAGE_STANDARD = gnu99;
				GCC_DYNAMIC_NO_PIC = NO;
				GCC_OPTIMIZATION_LEVEL = 0;
				GCC_PREPROCESSOR_DEFINITIONS = (
					"DEBUG=1",
					"$(inherited)",
				);
				GCC_SYMBOLS_PRIVATE_EXTERN = NO;
				GCC_WARN_64_TO_32_BIT_CONVERSION = YES;
				GCC_WARN_ABOUT_RETURN_TYPE = YES_ERROR;
				GCC_WARN_UNDECLARED_SELECTOR = YES;
				GCC_WARN_UNINITIALIZED_AUTOS = YES_AGGRESSIVE;
				GCC_WARN_UNUSED_FUNCTION = YES;
				GCC_WARN_UNUSED_VARIABLE = YES;
				IPHONEOS_DEPLOYMENT_TARGET = 8.1;
				MTL_ENABLE_DEBUG_INFO = YES;
				ONLY_ACTIVE_ARCH = YES;
				SDKROOT = iphoneos;
				TARGETED_DEVICE_FAMILY = "1,2";
			};
			name = Debug;
		};
		B09A8C5B1A52F29400B0D2DA /* Release */ = {
			isa = XCBuildConfiguration;
			buildSettings = {
				ALWAYS_SEARCH_USER_PATHS = NO;
				CLANG_CXX_LANGUAGE_STANDARD = "gnu++0x";
				CLANG_CXX_LIBRARY = "libc++";
				CLANG_ENABLE_MODULES = YES;
				CLANG_ENABLE_OBJC_ARC = YES;
				CLANG_WARN_BOOL_CONVERSION = YES;
				CLANG_WARN_CONSTANT_CONVERSION = YES;
				CLANG_WARN_DIRECT_OBJC_ISA_USAGE = YES_ERROR;
				CLANG_WARN_EMPTY_BODY = YES;
				CLANG_WARN_ENUM_CONVERSION = YES;
				CLANG_WARN_INT_CONVERSION = YES;
				CLANG_WARN_OBJC_ROOT_CLASS = YES_ERROR;
				CLANG_WARN_UNREACHABLE_CODE = YES;
				CLANG_WARN__DUPLICATE_METHOD_MATCH = YES;
				"CODE_SIGN_IDENTITY[sdk=iphoneos*]" = "iPhone Developer";
				COPY_PHASE_STRIP = YES;
				ENABLE_NS_ASSERTIONS = NO;
				ENABLE_STRICT_OBJC_MSGSEND = YES;
				GCC_C_LANGUAGE_STANDARD = gnu99;
				GCC_WARN_64_TO_32_BIT_CONVERSION = YES;
				GCC_WARN_ABOUT_RETURN_TYPE = YES_ERROR;
				GCC_WARN_UNDECLARED_SELECTOR = YES;
				GCC_WARN_UNINITIALIZED_AUTOS = YES_AGGRESSIVE;
				GCC_WARN_UNUSED_FUNCTION = YES;
				GCC_WARN_UNUSED_VARIABLE = YES;
				IPHONEOS_DEPLOYMENT_TARGET = 8.1;
				MTL_ENABLE_DEBUG_INFO = NO;
				SDKROOT = iphoneos;
				TARGETED_DEVICE_FAMILY = "1,2";
				VALIDATE_PRODUCT = YES;
			};
			name = Release;
		};
		B09A8C5D1A52F29400B0D2DA /* Debug */ = {
			isa = XCBuildConfiguration;
			buildSettings = {
				ASSETCATALOG_COMPILER_APPICON_NAME = AppIcon;
				INFOPLIST_FILE = Imaginarium/Info.plist;
				LD_RUNPATH_SEARCH_PATHS = "$(inherited) @executable_path/Frameworks";
				PRODUCT_NAME = "$(TARGET_NAME)";
			};
			name = Debug;
		};
		B09A8C5E1A52F29400B0D2DA /* Release */ = {
			isa = XCBuildConfiguration;
			buildSettings = {
				ASSETCATALOG_COMPILER_APPICON_NAME = AppIcon;
				INFOPLIST_FILE = Imaginarium/Info.plist;
				LD_RUNPATH_SEARCH_PATHS = "$(inherited) @executable_path/Frameworks";
				PRODUCT_NAME = "$(TARGET_NAME)";
			};
			name = Release;
		};
		B09A8C601A52F29400B0D2DA /* Debug */ = {
			isa = XCBuildConfiguration;
			buildSettings = {
				BUNDLE_LOADER = "$(TEST_HOST)";
				FRAMEWORK_SEARCH_PATHS = (
					"$(SDKROOT)/Developer/Library/Frameworks",
					"$(inherited)",
				);
				GCC_PREPROCESSOR_DEFINITIONS = (
					"DEBUG=1",
					"$(inherited)",
				);
				INFOPLIST_FILE = ImaginariumTests/Info.plist;
				LD_RUNPATH_SEARCH_PATHS = "$(inherited) @executable_path/Frameworks @loader_path/Frameworks";
				PRODUCT_NAME = "$(TARGET_NAME)";
				TEST_HOST = "$(BUILT_PRODUCTS_DIR)/Imaginarium.app/Imaginarium";
			};
			name = Debug;
		};
		B09A8C611A52F29400B0D2DA /* Release */ = {
			isa = XCBuildConfiguration;
			buildSettings = {
				BUNDLE_LOADER = "$(TEST_HOST)";
				FRAMEWORK_SEARCH_PATHS = (
					"$(SDKROOT)/Developer/Library/Frameworks",
					"$(inherited)",
				);
				INFOPLIST_FILE = ImaginariumTests/Info.plist;
				LD_RUNPATH_SEARCH_PATHS = "$(inherited) @executable_path/Frameworks @loader_path/Frameworks";
				PRODUCT_NAME = "$(TARGET_NAME)";
				TEST_HOST = "$(BUILT_PRODUCTS_DIR)/Imaginarium.app/Imaginarium";
			};
			name = Release;
		};
/* End XCBuildConfiguration section */

/* Begin XCConfigurationList section */
		B09A8C341A52F29400B0D2DA /* Build configuration list for PBXProject "Imaginarium" */ = {
			isa = XCConfigurationList;
			buildConfigurations = (
				B09A8C5A1A52F29400B0D2DA /* Debug */,
				B09A8C5B1A52F29400B0D2DA /* Release */,
			);
			defaultConfigurationIsVisible = 0;
			defaultConfigurationName = Release;
		};
		B09A8C5C1A52F29400B0D2DA /* Build configuration list for PBXNativeTarget "Imaginarium" */ = {
			isa = XCConfigurationList;
			buildConfigurations = (
				B09A8C5D1A52F29400B0D2DA /* Debug */,
				B09A8C5E1A52F29400B0D2DA /* Release */,
			);
			defaultConfigurationIsVisible = 0;
		};
		B09A8C5F1A52F29400B0D2DA /* Build configuration list for PBXNativeTarget "ImaginariumTests" */ = {
			isa = XCConfigurationList;
			buildConfigurations = (
				B09A8C601A52F29400B0D2DA /* Debug */,
				B09A8C611A52F29400B0D2DA /* Release */,
			);
			defaultConfigurationIsVisible = 0;
		};
/* End XCConfigurationList section */
	};
	rootObject = B09A8C311A52F29400B0D2DA /* Project object */;
}
